// !$*UTF8*$!
{
	archiveVersion = 1;
	classes = {
	};
	objectVersion = 46;
	objects = {

/* Begin PBXBuildFile section */
		333FF4E9714E49FD89313FBA /* libPods-CueTimeTests.a in Frameworks */ = {isa = PBXBuildFile; fileRef = 0965E50BADF94D22BAAEFAE9 /* libPods-CueTimeTests.a */; };
		EC41D7B9199D96D10026BB01 /* JHAttendance.m in Sources */ = {isa = PBXBuildFile; fileRef = EC41D7B8199D96D10026BB01 /* JHAttendance.m */; };
		EC5384E3196CF153006AA0EC /* JHGameNetworkHelper.m in Sources */ = {isa = PBXBuildFile; fileRef = EC5384E2196CF153006AA0EC /* JHGameNetworkHelper.m */; };
		EC5384EA197B7751006AA0EC /* JHNetworkHelper.m in Sources */ = {isa = PBXBuildFile; fileRef = EC5384E9197B7751006AA0EC /* JHNetworkHelper.m */; };
		EC5384ED197B879B006AA0EC /* JHGame.m in Sources */ = {isa = PBXBuildFile; fileRef = EC5384EC197B879B006AA0EC /* JHGame.m */; };
		EC7CAD35199884960013803A /* JHAttendanceNetworkHelper.m in Sources */ = {isa = PBXBuildFile; fileRef = EC7CAD34199884960013803A /* JHAttendanceNetworkHelper.m */; };
		ECA32766197DD2220076F4EE /* JHDiscoverViewController.m in Sources */ = {isa = PBXBuildFile; fileRef = ECA32765197DD2220076F4EE /* JHDiscoverViewController.m */; };
		ECA32769197DD22B0076F4EE /* JHGoingViewController.m in Sources */ = {isa = PBXBuildFile; fileRef = ECA32768197DD22B0076F4EE /* JHGoingViewController.m */; };
		ECA32770197DED120076F4EE /* JHDiscoverTableViewCell.m in Sources */ = {isa = PBXBuildFile; fileRef = ECA3276F197DED120076F4EE /* JHDiscoverTableViewCell.m */; };
		ECA32773197E0D890076F4EE /* JHGoingTableViewCell.m in Sources */ = {isa = PBXBuildFile; fileRef = ECA32772197E0D890076F4EE /* JHGoingTableViewCell.m */; };
		ECA32776197E0D940076F4EE /* JHOrganizingTableViewCell.m in Sources */ = {isa = PBXBuildFile; fileRef = ECA32775197E0D940076F4EE /* JHOrganizingTableViewCell.m */; };
		ECA57B491921966900BC8EC1 /* Foundation.framework in Frameworks */ = {isa = PBXBuildFile; fileRef = ECA57B481921966900BC8EC1 /* Foundation.framework */; };
		ECA57B4B1921966900BC8EC1 /* CoreGraphics.framework in Frameworks */ = {isa = PBXBuildFile; fileRef = ECA57B4A1921966900BC8EC1 /* CoreGraphics.framework */; };
		ECA57B4D1921966900BC8EC1 /* UIKit.framework in Frameworks */ = {isa = PBXBuildFile; fileRef = ECA57B4C1921966900BC8EC1 /* UIKit.framework */; };
		ECA57B531921966900BC8EC1 /* InfoPlist.strings in Resources */ = {isa = PBXBuildFile; fileRef = ECA57B511921966900BC8EC1 /* InfoPlist.strings */; };
		ECA57B551921966900BC8EC1 /* main.m in Sources */ = {isa = PBXBuildFile; fileRef = ECA57B541921966900BC8EC1 /* main.m */; };
		ECA57B591921966900BC8EC1 /* JHAppDelegate.m in Sources */ = {isa = PBXBuildFile; fileRef = ECA57B581921966900BC8EC1 /* JHAppDelegate.m */; };
		ECA57B5C1921966900BC8EC1 /* Main_iPhone.storyboard in Resources */ = {isa = PBXBuildFile; fileRef = ECA57B5A1921966900BC8EC1 /* Main_iPhone.storyboard */; };
		ECA57B5F1921966900BC8EC1 /* Main_iPad.storyboard in Resources */ = {isa = PBXBuildFile; fileRef = ECA57B5D1921966900BC8EC1 /* Main_iPad.storyboard */; };
		ECA57B621921966900BC8EC1 /* JHOrganizeViewController.m in Sources */ = {isa = PBXBuildFile; fileRef = ECA57B611921966900BC8EC1 /* JHOrganizeViewController.m */; };
		ECA57B671921966900BC8EC1 /* Images.xcassets in Resources */ = {isa = PBXBuildFile; fileRef = ECA57B661921966900BC8EC1 /* Images.xcassets */; };
		ECA57B6E1921966900BC8EC1 /* XCTest.framework in Frameworks */ = {isa = PBXBuildFile; fileRef = ECA57B6D1921966900BC8EC1 /* XCTest.framework */; };
		ECA57B6F1921966900BC8EC1 /* Foundation.framework in Frameworks */ = {isa = PBXBuildFile; fileRef = ECA57B481921966900BC8EC1 /* Foundation.framework */; };
		ECA57B701921966900BC8EC1 /* UIKit.framework in Frameworks */ = {isa = PBXBuildFile; fileRef = ECA57B4C1921966900BC8EC1 /* UIKit.framework */; };
		ECA57B781921966900BC8EC1 /* InfoPlist.strings in Resources */ = {isa = PBXBuildFile; fileRef = ECA57B761921966900BC8EC1 /* InfoPlist.strings */; };
		ECA57B7A1921966900BC8EC1 /* CueTimeTests.m in Sources */ = {isa = PBXBuildFile; fileRef = ECA57B791921966900BC8EC1 /* CueTimeTests.m */; };
		ECA57B881921983100BC8EC1 /* JHProfileViewController.m in Sources */ = {isa = PBXBuildFile; fileRef = ECA57B871921983100BC8EC1 /* JHProfileViewController.m */; };
		ECA57B8B19219E7E00BC8EC1 /* JHAuthenticationViewController.m in Sources */ = {isa = PBXBuildFile; fileRef = ECA57B8A19219E7E00BC8EC1 /* JHAuthenticationViewController.m */; };
		ECA57B921929142F00BC8EC1 /* JHAuthenticationNetworkHelper.m in Sources */ = {isa = PBXBuildFile; fileRef = ECA57B911929142F00BC8EC1 /* JHAuthenticationNetworkHelper.m */; };
		ECA57B9519291C5400BC8EC1 /* MobileCoreServices.framework in Frameworks */ = {isa = PBXBuildFile; fileRef = ECA57B9419291C5400BC8EC1 /* MobileCoreServices.framework */; };
		ECA57B9719291C5A00BC8EC1 /* Security.framework in Frameworks */ = {isa = PBXBuildFile; fileRef = ECA57B9619291C5A00BC8EC1 /* Security.framework */; };
		ECA57B9919291C5F00BC8EC1 /* CFNetwork.framework in Frameworks */ = {isa = PBXBuildFile; fileRef = ECA57B9819291C5F00BC8EC1 /* CFNetwork.framework */; };
		ECA57B9B19291C6700BC8EC1 /* SystemConfiguration.framework in Frameworks */ = {isa = PBXBuildFile; fileRef = ECA57B9A19291C6700BC8EC1 /* SystemConfiguration.framework */; };
		ECA57B9D19291C6F00BC8EC1 /* CoreData.framework in Frameworks */ = {isa = PBXBuildFile; fileRef = ECA57B9C19291C6F00BC8EC1 /* CoreData.framework */; };
		ECA57BA0192963EF00BC8EC1 /* JHUser.m in Sources */ = {isa = PBXBuildFile; fileRef = ECA57B9F192963EF00BC8EC1 /* JHUser.m */; };
		ECA57BA4192964F500BC8EC1 /* JHUserNetworkHelper.m in Sources */ = {isa = PBXBuildFile; fileRef = ECA57BA3192964F500BC8EC1 /* JHUserNetworkHelper.m */; };
		ECA57BA71929AAE900BC8EC1 /* JHConstants.m in Sources */ = {isa = PBXBuildFile; fileRef = ECA57BA61929AAE900BC8EC1 /* JHConstants.m */; };
		ECBB8C1B197C73C90026CFE6 /* JSONValueTransformer+CustomTransformer.m in Sources */ = {isa = PBXBuildFile; fileRef = ECBB8C1A197C73C90026CFE6 /* JSONValueTransformer+CustomTransformer.m */; };
		ECBD498C19B6A7C100465724 /* JHDiscoverTableView.m in Sources */ = {isa = PBXBuildFile; fileRef = ECBD498B19B6A7C100465724 /* JHDiscoverTableView.m */; };
		ECBD498F19B6A7D300465724 /* JHGoingTableView.m in Sources */ = {isa = PBXBuildFile; fileRef = ECBD498E19B6A7D300465724 /* JHGoingTableView.m */; };
		ECC75B7119ABFA0900D2B559 /* Parse.framework in Frameworks */ = {isa = PBXBuildFile; fileRef = ECC75B7019ABFA0900D2B559 /* Parse.framework */; };
		ECC75B7319ABFA5000D2B559 /* AudioToolbox.framework in Frameworks */ = {isa = PBXBuildFile; fileRef = ECC75B7219ABFA5000D2B559 /* AudioToolbox.framework */; };
		ECC75B7519ABFA6A00D2B559 /* CoreLocation.framework in Frameworks */ = {isa = PBXBuildFile; fileRef = ECC75B7419ABFA6A00D2B559 /* CoreLocation.framework */; };
		ECC75B7719ABFA8000D2B559 /* libz.dylib in Frameworks */ = {isa = PBXBuildFile; fileRef = ECC75B7619ABFA8000D2B559 /* libz.dylib */; };
		ECC75B7919ABFA8D00D2B559 /* QuartzCore.framework in Frameworks */ = {isa = PBXBuildFile; fileRef = ECC75B7819ABFA8D00D2B559 /* QuartzCore.framework */; };
		ECC75B7B19ABFA9D00D2B559 /* StoreKit.framework in Frameworks */ = {isa = PBXBuildFile; fileRef = ECC75B7A19ABFA9D00D2B559 /* StoreKit.framework */; };
		ECC75B7F19AC12F800D2B559 /* FacebookSDK.framework in Frameworks */ = {isa = PBXBuildFile; fileRef = ECC75B7E19AC12F800D2B559 /* FacebookSDK.framework */; };
		ECE6B23D1946CD3600289CE2 /* AFNetworking+Promises.m in Sources */ = {isa = PBXBuildFile; fileRef = ECE6B23C1946CD3600289CE2 /* AFNetworking+Promises.m */; };
		FBB39B524BDD4B359B2E9F54 /* libPods-CueTime.a in Frameworks */ = {isa = PBXBuildFile; fileRef = 265AA824FC3F4D4F917F1C3B /* libPods-CueTime.a */; };
/* End PBXBuildFile section */

/* Begin PBXContainerItemProxy section */
		ECA57B711921966900BC8EC1 /* PBXContainerItemProxy */ = {
			isa = PBXContainerItemProxy;
			containerPortal = ECA57B3D1921966800BC8EC1 /* Project object */;
			proxyType = 1;
			remoteGlobalIDString = ECA57B441921966900BC8EC1;
			remoteInfo = CueTime;
		};
/* End PBXContainerItemProxy section */

/* Begin PBXFileReference section */
		0170658794584155802E29E2 /* Pods-CueTimeTests.xcconfig */ = {isa = PBXFileReference; includeInIndex = 1; lastKnownFileType = text.xcconfig; name = "Pods-CueTimeTests.xcconfig"; path = "Pods/Pods-CueTimeTests.xcconfig"; sourceTree = "<group>"; };
		0965E50BADF94D22BAAEFAE9 /* libPods-CueTimeTests.a */ = {isa = PBXFileReference; explicitFileType = archive.ar; includeInIndex = 0; path = "libPods-CueTimeTests.a"; sourceTree = BUILT_PRODUCTS_DIR; };
		265AA824FC3F4D4F917F1C3B /* libPods-CueTime.a */ = {isa = PBXFileReference; explicitFileType = archive.ar; includeInIndex = 0; path = "libPods-CueTime.a"; sourceTree = BUILT_PRODUCTS_DIR; };
		7333562FE40B4EB89F40003C /* Pods-CueTime.xcconfig */ = {isa = PBXFileReference; includeInIndex = 1; lastKnownFileType = text.xcconfig; name = "Pods-CueTime.xcconfig"; path = "Pods/Pods-CueTime.xcconfig"; sourceTree = "<group>"; };
		EC41D7B7199D96D10026BB01 /* JHAttendance.h */ = {isa = PBXFileReference; fileEncoding = 4; lastKnownFileType = sourcecode.c.h; path = JHAttendance.h; sourceTree = "<group>"; };
		EC41D7B8199D96D10026BB01 /* JHAttendance.m */ = {isa = PBXFileReference; fileEncoding = 4; lastKnownFileType = sourcecode.c.objc; path = JHAttendance.m; sourceTree = "<group>"; };
		EC5384E1196CF153006AA0EC /* JHGameNetworkHelper.h */ = {isa = PBXFileReference; fileEncoding = 4; lastKnownFileType = sourcecode.c.h; path = JHGameNetworkHelper.h; sourceTree = "<group>"; };
		EC5384E2196CF153006AA0EC /* JHGameNetworkHelper.m */ = {isa = PBXFileReference; fileEncoding = 4; lastKnownFileType = sourcecode.c.objc; path = JHGameNetworkHelper.m; sourceTree = "<group>"; };
		EC5384E8197B7751006AA0EC /* JHNetworkHelper.h */ = {isa = PBXFileReference; fileEncoding = 4; lastKnownFileType = sourcecode.c.h; path = JHNetworkHelper.h; sourceTree = "<group>"; };
		EC5384E9197B7751006AA0EC /* JHNetworkHelper.m */ = {isa = PBXFileReference; fileEncoding = 4; lastKnownFileType = sourcecode.c.objc; path = JHNetworkHelper.m; sourceTree = "<group>"; };
		EC5384EB197B879B006AA0EC /* JHGame.h */ = {isa = PBXFileReference; fileEncoding = 4; lastKnownFileType = sourcecode.c.h; path = JHGame.h; sourceTree = "<group>"; };
		EC5384EC197B879B006AA0EC /* JHGame.m */ = {isa = PBXFileReference; fileEncoding = 4; lastKnownFileType = sourcecode.c.objc; path = JHGame.m; sourceTree = "<group>"; };
		EC7CAD33199884960013803A /* JHAttendanceNetworkHelper.h */ = {isa = PBXFileReference; fileEncoding = 4; lastKnownFileType = sourcecode.c.h; path = JHAttendanceNetworkHelper.h; sourceTree = "<group>"; };
		EC7CAD34199884960013803A /* JHAttendanceNetworkHelper.m */ = {isa = PBXFileReference; fileEncoding = 4; lastKnownFileType = sourcecode.c.objc; path = JHAttendanceNetworkHelper.m; sourceTree = "<group>"; };
		ECA32764197DD2220076F4EE /* JHDiscoverViewController.h */ = {isa = PBXFileReference; fileEncoding = 4; lastKnownFileType = sourcecode.c.h; path = JHDiscoverViewController.h; sourceTree = "<group>"; };
		ECA32765197DD2220076F4EE /* JHDiscoverViewController.m */ = {isa = PBXFileReference; fileEncoding = 4; lastKnownFileType = sourcecode.c.objc; path = JHDiscoverViewController.m; sourceTree = "<group>"; };
		ECA32767197DD22B0076F4EE /* JHGoingViewController.h */ = {isa = PBXFileReference; fileEncoding = 4; lastKnownFileType = sourcecode.c.h; path = JHGoingViewController.h; sourceTree = "<group>"; };
		ECA32768197DD22B0076F4EE /* JHGoingViewController.m */ = {isa = PBXFileReference; fileEncoding = 4; lastKnownFileType = sourcecode.c.objc; path = JHGoingViewController.m; sourceTree = "<group>"; };
		ECA3276E197DED120076F4EE /* JHDiscoverTableViewCell.h */ = {isa = PBXFileReference; fileEncoding = 4; lastKnownFileType = sourcecode.c.h; path = JHDiscoverTableViewCell.h; sourceTree = "<group>"; };
		ECA3276F197DED120076F4EE /* JHDiscoverTableViewCell.m */ = {isa = PBXFileReference; fileEncoding = 4; lastKnownFileType = sourcecode.c.objc; path = JHDiscoverTableViewCell.m; sourceTree = "<group>"; };
		ECA32771197E0D890076F4EE /* JHGoingTableViewCell.h */ = {isa = PBXFileReference; fileEncoding = 4; lastKnownFileType = sourcecode.c.h; path = JHGoingTableViewCell.h; sourceTree = "<group>"; };
		ECA32772197E0D890076F4EE /* JHGoingTableViewCell.m */ = {isa = PBXFileReference; fileEncoding = 4; lastKnownFileType = sourcecode.c.objc; path = JHGoingTableViewCell.m; sourceTree = "<group>"; };
		ECA32774197E0D940076F4EE /* JHOrganizingTableViewCell.h */ = {isa = PBXFileReference; fileEncoding = 4; lastKnownFileType = sourcecode.c.h; path = JHOrganizingTableViewCell.h; sourceTree = "<group>"; };
		ECA32775197E0D940076F4EE /* JHOrganizingTableViewCell.m */ = {isa = PBXFileReference; fileEncoding = 4; lastKnownFileType = sourcecode.c.objc; path = JHOrganizingTableViewCell.m; sourceTree = "<group>"; };
		ECA57B451921966900BC8EC1 /* CueTime.app */ = {isa = PBXFileReference; explicitFileType = wrapper.application; includeInIndex = 0; path = CueTime.app; sourceTree = BUILT_PRODUCTS_DIR; };
		ECA57B481921966900BC8EC1 /* Foundation.framework */ = {isa = PBXFileReference; lastKnownFileType = wrapper.framework; name = Foundation.framework; path = System/Library/Frameworks/Foundation.framework; sourceTree = SDKROOT; };
		ECA57B4A1921966900BC8EC1 /* CoreGraphics.framework */ = {isa = PBXFileReference; lastKnownFileType = wrapper.framework; name = CoreGraphics.framework; path = System/Library/Frameworks/CoreGraphics.framework; sourceTree = SDKROOT; };
		ECA57B4C1921966900BC8EC1 /* UIKit.framework */ = {isa = PBXFileReference; lastKnownFileType = wrapper.framework; name = UIKit.framework; path = System/Library/Frameworks/UIKit.framework; sourceTree = SDKROOT; };
		ECA57B501921966900BC8EC1 /* CueTime-Info.plist */ = {isa = PBXFileReference; lastKnownFileType = text.plist.xml; path = "CueTime-Info.plist"; sourceTree = "<group>"; };
		ECA57B521921966900BC8EC1 /* en */ = {isa = PBXFileReference; lastKnownFileType = text.plist.strings; name = en; path = en.lproj/InfoPlist.strings; sourceTree = "<group>"; };
		ECA57B541921966900BC8EC1 /* main.m */ = {isa = PBXFileReference; lastKnownFileType = sourcecode.c.objc; path = main.m; sourceTree = "<group>"; };
		ECA57B561921966900BC8EC1 /* CueTime-Prefix.pch */ = {isa = PBXFileReference; lastKnownFileType = sourcecode.c.h; path = "CueTime-Prefix.pch"; sourceTree = "<group>"; };
		ECA57B571921966900BC8EC1 /* JHAppDelegate.h */ = {isa = PBXFileReference; lastKnownFileType = sourcecode.c.h; path = JHAppDelegate.h; sourceTree = "<group>"; };
		ECA57B581921966900BC8EC1 /* JHAppDelegate.m */ = {isa = PBXFileReference; lastKnownFileType = sourcecode.c.objc; path = JHAppDelegate.m; sourceTree = "<group>"; };
		ECA57B5B1921966900BC8EC1 /* Base */ = {isa = PBXFileReference; lastKnownFileType = file.storyboard; name = Base; path = Base.lproj/Main_iPhone.storyboard; sourceTree = "<group>"; };
		ECA57B5E1921966900BC8EC1 /* Base */ = {isa = PBXFileReference; lastKnownFileType = file.storyboard; name = Base; path = Base.lproj/Main_iPad.storyboard; sourceTree = "<group>"; };
		ECA57B601921966900BC8EC1 /* JHOrganizeViewController.h */ = {isa = PBXFileReference; lastKnownFileType = sourcecode.c.h; path = JHOrganizeViewController.h; sourceTree = "<group>"; };
		ECA57B611921966900BC8EC1 /* JHOrganizeViewController.m */ = {isa = PBXFileReference; lastKnownFileType = sourcecode.c.objc; path = JHOrganizeViewController.m; sourceTree = "<group>"; };
		ECA57B661921966900BC8EC1 /* Images.xcassets */ = {isa = PBXFileReference; lastKnownFileType = folder.assetcatalog; path = Images.xcassets; sourceTree = "<group>"; };
		ECA57B6C1921966900BC8EC1 /* CueTimeTests.xctest */ = {isa = PBXFileReference; explicitFileType = wrapper.cfbundle; includeInIndex = 0; path = CueTimeTests.xctest; sourceTree = BUILT_PRODUCTS_DIR; };
		ECA57B6D1921966900BC8EC1 /* XCTest.framework */ = {isa = PBXFileReference; lastKnownFileType = wrapper.framework; name = XCTest.framework; path = Library/Frameworks/XCTest.framework; sourceTree = DEVELOPER_DIR; };
		ECA57B751921966900BC8EC1 /* CueTimeTests-Info.plist */ = {isa = PBXFileReference; lastKnownFileType = text.plist.xml; path = "CueTimeTests-Info.plist"; sourceTree = "<group>"; };
		ECA57B771921966900BC8EC1 /* en */ = {isa = PBXFileReference; lastKnownFileType = text.plist.strings; name = en; path = en.lproj/InfoPlist.strings; sourceTree = "<group>"; };
		ECA57B791921966900BC8EC1 /* CueTimeTests.m */ = {isa = PBXFileReference; lastKnownFileType = sourcecode.c.objc; path = CueTimeTests.m; sourceTree = "<group>"; };
		ECA57B861921983100BC8EC1 /* JHProfileViewController.h */ = {isa = PBXFileReference; fileEncoding = 4; lastKnownFileType = sourcecode.c.h; path = JHProfileViewController.h; sourceTree = "<group>"; };
		ECA57B871921983100BC8EC1 /* JHProfileViewController.m */ = {isa = PBXFileReference; fileEncoding = 4; lastKnownFileType = sourcecode.c.objc; path = JHProfileViewController.m; sourceTree = "<group>"; };
		ECA57B8919219E7E00BC8EC1 /* JHAuthenticationViewController.h */ = {isa = PBXFileReference; fileEncoding = 4; lastKnownFileType = sourcecode.c.h; path = JHAuthenticationViewController.h; sourceTree = "<group>"; };
		ECA57B8A19219E7E00BC8EC1 /* JHAuthenticationViewController.m */ = {isa = PBXFileReference; fileEncoding = 4; lastKnownFileType = sourcecode.c.objc; path = JHAuthenticationViewController.m; sourceTree = "<group>"; };
		ECA57B901929142F00BC8EC1 /* JHAuthenticationNetworkHelper.h */ = {isa = PBXFileReference; fileEncoding = 4; lastKnownFileType = sourcecode.c.h; path = JHAuthenticationNetworkHelper.h; sourceTree = "<group>"; };
		ECA57B911929142F00BC8EC1 /* JHAuthenticationNetworkHelper.m */ = {isa = PBXFileReference; fileEncoding = 4; lastKnownFileType = sourcecode.c.objc; path = JHAuthenticationNetworkHelper.m; sourceTree = "<group>"; };
		ECA57B9419291C5400BC8EC1 /* MobileCoreServices.framework */ = {isa = PBXFileReference; lastKnownFileType = wrapper.framework; name = MobileCoreServices.framework; path = System/Library/Frameworks/MobileCoreServices.framework; sourceTree = SDKROOT; };
		ECA57B9619291C5A00BC8EC1 /* Security.framework */ = {isa = PBXFileReference; lastKnownFileType = wrapper.framework; name = Security.framework; path = System/Library/Frameworks/Security.framework; sourceTree = SDKROOT; };
		ECA57B9819291C5F00BC8EC1 /* CFNetwork.framework */ = {isa = PBXFileReference; lastKnownFileType = wrapper.framework; name = CFNetwork.framework; path = System/Library/Frameworks/CFNetwork.framework; sourceTree = SDKROOT; };
		ECA57B9A19291C6700BC8EC1 /* SystemConfiguration.framework */ = {isa = PBXFileReference; lastKnownFileType = wrapper.framework; name = SystemConfiguration.framework; path = System/Library/Frameworks/SystemConfiguration.framework; sourceTree = SDKROOT; };
		ECA57B9C19291C6F00BC8EC1 /* CoreData.framework */ = {isa = PBXFileReference; lastKnownFileType = wrapper.framework; name = CoreData.framework; path = System/Library/Frameworks/CoreData.framework; sourceTree = SDKROOT; };
		ECA57B9E192963EE00BC8EC1 /* JHUser.h */ = {isa = PBXFileReference; fileEncoding = 4; lastKnownFileType = sourcecode.c.h; path = JHUser.h; sourceTree = "<group>"; };
		ECA57B9F192963EF00BC8EC1 /* JHUser.m */ = {isa = PBXFileReference; fileEncoding = 4; lastKnownFileType = sourcecode.c.objc; path = JHUser.m; sourceTree = "<group>"; };
		ECA57BA2192964F500BC8EC1 /* JHUserNetworkHelper.h */ = {isa = PBXFileReference; fileEncoding = 4; lastKnownFileType = sourcecode.c.h; path = JHUserNetworkHelper.h; sourceTree = "<group>"; };
		ECA57BA3192964F500BC8EC1 /* JHUserNetworkHelper.m */ = {isa = PBXFileReference; fileEncoding = 4; lastKnownFileType = sourcecode.c.objc; path = JHUserNetworkHelper.m; sourceTree = "<group>"; };
		ECA57BA51929AAE900BC8EC1 /* JHConstants.h */ = {isa = PBXFileReference; fileEncoding = 4; lastKnownFileType = sourcecode.c.h; path = JHConstants.h; sourceTree = "<group>"; };
		ECA57BA61929AAE900BC8EC1 /* JHConstants.m */ = {isa = PBXFileReference; fileEncoding = 4; lastKnownFileType = sourcecode.c.objc; path = JHConstants.m; sourceTree = "<group>"; };
		ECBB8C19197C73C90026CFE6 /* JSONValueTransformer+CustomTransformer.h */ = {isa = PBXFileReference; fileEncoding = 4; lastKnownFileType = sourcecode.c.h; path = "JSONValueTransformer+CustomTransformer.h"; sourceTree = "<group>"; };
		ECBB8C1A197C73C90026CFE6 /* JSONValueTransformer+CustomTransformer.m */ = {isa = PBXFileReference; fileEncoding = 4; lastKnownFileType = sourcecode.c.objc; path = "JSONValueTransformer+CustomTransformer.m"; sourceTree = "<group>"; };
		ECBD498A19B6A7C100465724 /* JHDiscoverTableView.h */ = {isa = PBXFileReference; fileEncoding = 4; lastKnownFileType = sourcecode.c.h; path = JHDiscoverTableView.h; sourceTree = "<group>"; };
		ECBD498B19B6A7C100465724 /* JHDiscoverTableView.m */ = {isa = PBXFileReference; fileEncoding = 4; lastKnownFileType = sourcecode.c.objc; path = JHDiscoverTableView.m; sourceTree = "<group>"; };
		ECBD498D19B6A7D300465724 /* JHGoingTableView.h */ = {isa = PBXFileReference; fileEncoding = 4; lastKnownFileType = sourcecode.c.h; path = JHGoingTableView.h; sourceTree = "<group>"; };
		ECBD498E19B6A7D300465724 /* JHGoingTableView.m */ = {isa = PBXFileReference; fileEncoding = 4; lastKnownFileType = sourcecode.c.objc; path = JHGoingTableView.m; sourceTree = "<group>"; };
		ECC75B7019ABFA0900D2B559 /* Parse.framework */ = {isa = PBXFileReference; lastKnownFileType = wrapper.framework; path = Parse.framework; sourceTree = "<group>"; };
		ECC75B7219ABFA5000D2B559 /* AudioToolbox.framework */ = {isa = PBXFileReference; lastKnownFileType = wrapper.framework; name = AudioToolbox.framework; path = System/Library/Frameworks/AudioToolbox.framework; sourceTree = SDKROOT; };
		ECC75B7419ABFA6A00D2B559 /* CoreLocation.framework */ = {isa = PBXFileReference; lastKnownFileType = wrapper.framework; name = CoreLocation.framework; path = System/Library/Frameworks/CoreLocation.framework; sourceTree = SDKROOT; };
		ECC75B7619ABFA8000D2B559 /* libz.dylib */ = {isa = PBXFileReference; lastKnownFileType = "compiled.mach-o.dylib"; name = libz.dylib; path = usr/lib/libz.dylib; sourceTree = SDKROOT; };
		ECC75B7819ABFA8D00D2B559 /* QuartzCore.framework */ = {isa = PBXFileReference; lastKnownFileType = wrapper.framework; name = QuartzCore.framework; path = System/Library/Frameworks/QuartzCore.framework; sourceTree = SDKROOT; };
		ECC75B7A19ABFA9D00D2B559 /* StoreKit.framework */ = {isa = PBXFileReference; lastKnownFileType = wrapper.framework; name = StoreKit.framework; path = System/Library/Frameworks/StoreKit.framework; sourceTree = SDKROOT; };
		ECC75B7E19AC12F800D2B559 /* FacebookSDK.framework */ = {isa = PBXFileReference; lastKnownFileType = wrapper.framework; name = FacebookSDK.framework; path = ../../Documents/FacebookSDK/FacebookSDK.framework; sourceTree = "<group>"; };
		ECE6B23B1946CD3600289CE2 /* AFNetworking+Promises.h */ = {isa = PBXFileReference; fileEncoding = 4; lastKnownFileType = sourcecode.c.h; path = "AFNetworking+Promises.h"; sourceTree = "<group>"; };
		ECE6B23C1946CD3600289CE2 /* AFNetworking+Promises.m */ = {isa = PBXFileReference; fileEncoding = 4; lastKnownFileType = sourcecode.c.objc; path = "AFNetworking+Promises.m"; sourceTree = "<group>"; };
/* End PBXFileReference section */

/* Begin PBXFrameworksBuildPhase section */
		ECA57B421921966900BC8EC1 /* Frameworks */ = {
			isa = PBXFrameworksBuildPhase;
			buildActionMask = 2147483647;
			files = (
				ECC75B7B19ABFA9D00D2B559 /* StoreKit.framework in Frameworks */,
				ECC75B7919ABFA8D00D2B559 /* QuartzCore.framework in Frameworks */,
				ECC75B7719ABFA8000D2B559 /* libz.dylib in Frameworks */,
				ECC75B7519ABFA6A00D2B559 /* CoreLocation.framework in Frameworks */,
				ECA57B9919291C5F00BC8EC1 /* CFNetwork.framework in Frameworks */,
				ECC75B7319ABFA5000D2B559 /* AudioToolbox.framework in Frameworks */,
				ECA57B4B1921966900BC8EC1 /* CoreGraphics.framework in Frameworks */,
				ECA57B491921966900BC8EC1 /* Foundation.framework in Frameworks */,
				ECA57B4D1921966900BC8EC1 /* UIKit.framework in Frameworks */,
				ECA57B9D19291C6F00BC8EC1 /* CoreData.framework in Frameworks */,
				ECC75B7119ABFA0900D2B559 /* Parse.framework in Frameworks */,
				ECA57B9B19291C6700BC8EC1 /* SystemConfiguration.framework in Frameworks */,
				ECA57B9719291C5A00BC8EC1 /* Security.framework in Frameworks */,
				ECC75B7F19AC12F800D2B559 /* FacebookSDK.framework in Frameworks */,
				ECA57B9519291C5400BC8EC1 /* MobileCoreServices.framework in Frameworks */,
				FBB39B524BDD4B359B2E9F54 /* libPods-CueTime.a in Frameworks */,
			);
			runOnlyForDeploymentPostprocessing = 0;
		};
		ECA57B691921966900BC8EC1 /* Frameworks */ = {
			isa = PBXFrameworksBuildPhase;
			buildActionMask = 2147483647;
			files = (
				ECA57B6E1921966900BC8EC1 /* XCTest.framework in Frameworks */,
				ECA57B701921966900BC8EC1 /* UIKit.framework in Frameworks */,
				ECA57B6F1921966900BC8EC1 /* Foundation.framework in Frameworks */,
				333FF4E9714E49FD89313FBA /* libPods-CueTimeTests.a in Frameworks */,
			);
			runOnlyForDeploymentPostprocessing = 0;
		};
/* End PBXFrameworksBuildPhase section */

/* Begin PBXGroup section */
		EC5384E71978BAC8006AA0EC /* Views */ = {
			isa = PBXGroup;
			children = (
				ECA3276E197DED120076F4EE /* JHDiscoverTableViewCell.h */,
				ECA3276F197DED120076F4EE /* JHDiscoverTableViewCell.m */,
				ECA32771197E0D890076F4EE /* JHGoingTableViewCell.h */,
				ECA32772197E0D890076F4EE /* JHGoingTableViewCell.m */,
				ECA32774197E0D940076F4EE /* JHOrganizingTableViewCell.h */,
				ECA32775197E0D940076F4EE /* JHOrganizingTableViewCell.m */,
				ECBD498A19B6A7C100465724 /* JHDiscoverTableView.h */,
				ECBD498B19B6A7C100465724 /* JHDiscoverTableView.m */,
				ECBD498D19B6A7D300465724 /* JHGoingTableView.h */,
				ECBD498E19B6A7D300465724 /* JHGoingTableView.m */,
			);
			name = Views;
			sourceTree = "<group>";
		};
		ECA57B3C1921966800BC8EC1 = {
			isa = PBXGroup;
			children = (
				ECA57B4E1921966900BC8EC1 /* CueTime */,
				ECA57B731921966900BC8EC1 /* CueTimeTests */,
				ECA57B471921966900BC8EC1 /* Frameworks */,
				ECA57B461921966900BC8EC1 /* Products */,
				7333562FE40B4EB89F40003C /* Pods-CueTime.xcconfig */,
				0170658794584155802E29E2 /* Pods-CueTimeTests.xcconfig */,
			);
			sourceTree = "<group>";
		};
		ECA57B461921966900BC8EC1 /* Products */ = {
			isa = PBXGroup;
			children = (
				ECA57B451921966900BC8EC1 /* CueTime.app */,
				ECA57B6C1921966900BC8EC1 /* CueTimeTests.xctest */,
			);
			name = Products;
			sourceTree = "<group>";
		};
		ECA57B471921966900BC8EC1 /* Frameworks */ = {
			isa = PBXGroup;
			children = (
				ECC75B7E19AC12F800D2B559 /* FacebookSDK.framework */,
				ECC75B7A19ABFA9D00D2B559 /* StoreKit.framework */,
				ECC75B7819ABFA8D00D2B559 /* QuartzCore.framework */,
				ECC75B7619ABFA8000D2B559 /* libz.dylib */,
				ECC75B7419ABFA6A00D2B559 /* CoreLocation.framework */,
				ECC75B7219ABFA5000D2B559 /* AudioToolbox.framework */,
				ECC75B7019ABFA0900D2B559 /* Parse.framework */,
				ECA57B9C19291C6F00BC8EC1 /* CoreData.framework */,
				ECA57B9A19291C6700BC8EC1 /* SystemConfiguration.framework */,
				ECA57B9819291C5F00BC8EC1 /* CFNetwork.framework */,
				ECA57B9619291C5A00BC8EC1 /* Security.framework */,
				ECA57B9419291C5400BC8EC1 /* MobileCoreServices.framework */,
				ECA57B481921966900BC8EC1 /* Foundation.framework */,
				ECA57B4A1921966900BC8EC1 /* CoreGraphics.framework */,
				ECA57B4C1921966900BC8EC1 /* UIKit.framework */,
				ECA57B6D1921966900BC8EC1 /* XCTest.framework */,
				265AA824FC3F4D4F917F1C3B /* libPods-CueTime.a */,
				0965E50BADF94D22BAAEFAE9 /* libPods-CueTimeTests.a */,
			);
			name = Frameworks;
			sourceTree = "<group>";
		};
		ECA57B4E1921966900BC8EC1 /* CueTime */ = {
			isa = PBXGroup;
			children = (
				ECA57B571921966900BC8EC1 /* JHAppDelegate.h */,
				ECA57B581921966900BC8EC1 /* JHAppDelegate.m */,
				ECA57B5A1921966900BC8EC1 /* Main_iPhone.storyboard */,
				ECA57B5D1921966900BC8EC1 /* Main_iPad.storyboard */,
				ECBB8C1C197C759C0026CFE6 /* Categories */,
				ECA57BA81929AB5200BC8EC1 /* Helpers */,
				ECA57BA11929641300BC8EC1 /* Models */,
				ECA57B93192914AF00BC8EC1 /* Network */,
				EC5384E71978BAC8006AA0EC /* Views */,
				ECA57B8F192913E200BC8EC1 /* ViewControllers */,
				ECA57B661921966900BC8EC1 /* Images.xcassets */,
				ECA57B4F1921966900BC8EC1 /* Supporting Files */,
			);
			path = CueTime;
			sourceTree = "<group>";
		};
		ECA57B4F1921966900BC8EC1 /* Supporting Files */ = {
			isa = PBXGroup;
			children = (
				ECA57B501921966900BC8EC1 /* CueTime-Info.plist */,
				ECA57B511921966900BC8EC1 /* InfoPlist.strings */,
				ECA57B541921966900BC8EC1 /* main.m */,
				ECA57B561921966900BC8EC1 /* CueTime-Prefix.pch */,
			);
			name = "Supporting Files";
			sourceTree = "<group>";
		};
		ECA57B731921966900BC8EC1 /* CueTimeTests */ = {
			isa = PBXGroup;
			children = (
				ECA57B791921966900BC8EC1 /* CueTimeTests.m */,
				ECA57B741921966900BC8EC1 /* Supporting Files */,
			);
			path = CueTimeTests;
			sourceTree = "<group>";
		};
		ECA57B741921966900BC8EC1 /* Supporting Files */ = {
			isa = PBXGroup;
			children = (
				ECA57B751921966900BC8EC1 /* CueTimeTests-Info.plist */,
				ECA57B761921966900BC8EC1 /* InfoPlist.strings */,
			);
			name = "Supporting Files";
			sourceTree = "<group>";
		};
		ECA57B8F192913E200BC8EC1 /* ViewControllers */ = {
			isa = PBXGroup;
			children = (
				ECA32764197DD2220076F4EE /* JHDiscoverViewController.h */,
				ECA32765197DD2220076F4EE /* JHDiscoverViewController.m */,
				ECA32767197DD22B0076F4EE /* JHGoingViewController.h */,
				ECA32768197DD22B0076F4EE /* JHGoingViewController.m */,
				ECA57B601921966900BC8EC1 /* JHOrganizeViewController.h */,
				ECA57B611921966900BC8EC1 /* JHOrganizeViewController.m */,
				ECA57B861921983100BC8EC1 /* JHProfileViewController.h */,
				ECA57B871921983100BC8EC1 /* JHProfileViewController.m */,
				ECA57B8919219E7E00BC8EC1 /* JHAuthenticationViewController.h */,
				ECA57B8A19219E7E00BC8EC1 /* JHAuthenticationViewController.m */,
			);
			name = ViewControllers;
			sourceTree = "<group>";
		};
		ECA57B93192914AF00BC8EC1 /* Network */ = {
			isa = PBXGroup;
			children = (
				EC5384E8197B7751006AA0EC /* JHNetworkHelper.h */,
				EC5384E9197B7751006AA0EC /* JHNetworkHelper.m */,
				EC5384E1196CF153006AA0EC /* JHGameNetworkHelper.h */,
				EC5384E2196CF153006AA0EC /* JHGameNetworkHelper.m */,
				EC7CAD33199884960013803A /* JHAttendanceNetworkHelper.h */,
				EC7CAD34199884960013803A /* JHAttendanceNetworkHelper.m */,
				ECA57BA2192964F500BC8EC1 /* JHUserNetworkHelper.h */,
				ECA57BA3192964F500BC8EC1 /* JHUserNetworkHelper.m */,
				ECA57B901929142F00BC8EC1 /* JHAuthenticationNetworkHelper.h */,
				ECA57B911929142F00BC8EC1 /* JHAuthenticationNetworkHelper.m */,
			);
			name = Network;
			sourceTree = "<group>";
		};
		ECA57BA11929641300BC8EC1 /* Models */ = {
			isa = PBXGroup;
			children = (
				ECA57B9E192963EE00BC8EC1 /* JHUser.h */,
				ECA57B9F192963EF00BC8EC1 /* JHUser.m */,
				EC5384EB197B879B006AA0EC /* JHGame.h */,
				EC5384EC197B879B006AA0EC /* JHGame.m */,
				EC41D7B7199D96D10026BB01 /* JHAttendance.h */,
				EC41D7B8199D96D10026BB01 /* JHAttendance.m */,
			);
			name = Models;
			sourceTree = "<group>";
		};
		ECA57BA81929AB5200BC8EC1 /* Helpers */ = {
			isa = PBXGroup;
			children = (
				ECE6B23B1946CD3600289CE2 /* AFNetworking+Promises.h */,
				ECE6B23C1946CD3600289CE2 /* AFNetworking+Promises.m */,
				ECA57BA51929AAE900BC8EC1 /* JHConstants.h */,
				ECA57BA61929AAE900BC8EC1 /* JHConstants.m */,
			);
			name = Helpers;
			sourceTree = "<group>";
		};
		ECBB8C1C197C759C0026CFE6 /* Categories */ = {
			isa = PBXGroup;
			children = (
				ECBB8C1A197C73C90026CFE6 /* JSONValueTransformer+CustomTransformer.m */,
				ECBB8C19197C73C90026CFE6 /* JSONValueTransformer+CustomTransformer.h */,
			);
			name = Categories;
			sourceTree = "<group>";
		};
/* End PBXGroup section */

/* Begin PBXNativeTarget section */
		ECA57B441921966900BC8EC1 /* CueTime */ = {
			isa = PBXNativeTarget;
			buildConfigurationList = ECA57B7D1921966900BC8EC1 /* Build configuration list for PBXNativeTarget "CueTime" */;
			buildPhases = (
				10CB083F5F084936AEC04B03 /* Check Pods Manifest.lock */,
				ECA57B411921966900BC8EC1 /* Sources */,
				ECA57B421921966900BC8EC1 /* Frameworks */,
				ECA57B431921966900BC8EC1 /* Resources */,
				120404D19530461EB76E415B /* Copy Pods Resources */,
			);
			buildRules = (
			);
			dependencies = (
			);
			name = CueTime;
			productName = CueTime;
			productReference = ECA57B451921966900BC8EC1 /* CueTime.app */;
			productType = "com.apple.product-type.application";
		};
		ECA57B6B1921966900BC8EC1 /* CueTimeTests */ = {
			isa = PBXNativeTarget;
			buildConfigurationList = ECA57B801921966900BC8EC1 /* Build configuration list for PBXNativeTarget "CueTimeTests" */;
			buildPhases = (
				45E70759DFC94FCD9B4EF150 /* Check Pods Manifest.lock */,
				ECA57B681921966900BC8EC1 /* Sources */,
				ECA57B691921966900BC8EC1 /* Frameworks */,
				ECA57B6A1921966900BC8EC1 /* Resources */,
				6F77D349EF82431C8FD6E022 /* Copy Pods Resources */,
			);
			buildRules = (
			);
			dependencies = (
				ECA57B721921966900BC8EC1 /* PBXTargetDependency */,
			);
			name = CueTimeTests;
			productName = CueTimeTests;
			productReference = ECA57B6C1921966900BC8EC1 /* CueTimeTests.xctest */;
			productType = "com.apple.product-type.bundle.unit-test";
		};
/* End PBXNativeTarget section */

/* Begin PBXProject section */
		ECA57B3D1921966800BC8EC1 /* Project object */ = {
			isa = PBXProject;
			attributes = {
				CLASSPREFIX = JH;
				LastUpgradeCheck = 0510;
				ORGANIZATIONNAME = JiHeCo;
				TargetAttributes = {
					ECA57B441921966900BC8EC1 = {
						DevelopmentTeam = 9828K8Y63A;
					};
					ECA57B6B1921966900BC8EC1 = {
						TestTargetID = ECA57B441921966900BC8EC1;
					};
				};
			};
			buildConfigurationList = ECA57B401921966900BC8EC1 /* Build configuration list for PBXProject "CueTime" */;
			compatibilityVersion = "Xcode 3.2";
			developmentRegion = English;
			hasScannedForEncodings = 0;
			knownRegions = (
				en,
				Base,
			);
			mainGroup = ECA57B3C1921966800BC8EC1;
			productRefGroup = ECA57B461921966900BC8EC1 /* Products */;
			projectDirPath = "";
			projectRoot = "";
			targets = (
				ECA57B441921966900BC8EC1 /* CueTime */,
				ECA57B6B1921966900BC8EC1 /* CueTimeTests */,
			);
		};
/* End PBXProject section */

/* Begin PBXResourcesBuildPhase section */
		ECA57B431921966900BC8EC1 /* Resources */ = {
			isa = PBXResourcesBuildPhase;
			buildActionMask = 2147483647;
			files = (
				ECA57B5F1921966900BC8EC1 /* Main_iPad.storyboard in Resources */,
				ECA57B671921966900BC8EC1 /* Images.xcassets in Resources */,
				ECA57B5C1921966900BC8EC1 /* Main_iPhone.storyboard in Resources */,
				ECA57B531921966900BC8EC1 /* InfoPlist.strings in Resources */,
			);
			runOnlyForDeploymentPostprocessing = 0;
		};
		ECA57B6A1921966900BC8EC1 /* Resources */ = {
			isa = PBXResourcesBuildPhase;
			buildActionMask = 2147483647;
			files = (
				ECA57B781921966900BC8EC1 /* InfoPlist.strings in Resources */,
			);
			runOnlyForDeploymentPostprocessing = 0;
		};
/* End PBXResourcesBuildPhase section */

/* Begin PBXShellScriptBuildPhase section */
		10CB083F5F084936AEC04B03 /* Check Pods Manifest.lock */ = {
			isa = PBXShellScriptBuildPhase;
			buildActionMask = 2147483647;
			files = (
			);
			inputPaths = (
			);
			name = "Check Pods Manifest.lock";
			outputPaths = (
			);
			runOnlyForDeploymentPostprocessing = 0;
			shellPath = /bin/sh;
			shellScript = "diff \"${PODS_ROOT}/../Podfile.lock\" \"${PODS_ROOT}/Manifest.lock\" > /dev/null\nif [[ $? != 0 ]] ; then\n    cat << EOM\nerror: The sandbox is not in sync with the Podfile.lock. Run 'pod install' or update your CocoaPods installation.\nEOM\n    exit 1\nfi\n";
			showEnvVarsInLog = 0;
		};
		120404D19530461EB76E415B /* Copy Pods Resources */ = {
			isa = PBXShellScriptBuildPhase;
			buildActionMask = 2147483647;
			files = (
			);
			inputPaths = (
			);
			name = "Copy Pods Resources";
			outputPaths = (
			);
			runOnlyForDeploymentPostprocessing = 0;
			shellPath = /bin/sh;
			shellScript = "\"${SRCROOT}/Pods/Pods-CueTime-resources.sh\"\n";
			showEnvVarsInLog = 0;
		};
		45E70759DFC94FCD9B4EF150 /* Check Pods Manifest.lock */ = {
			isa = PBXShellScriptBuildPhase;
			buildActionMask = 2147483647;
			files = (
			);
			inputPaths = (
			);
			name = "Check Pods Manifest.lock";
			outputPaths = (
			);
			runOnlyForDeploymentPostprocessing = 0;
			shellPath = /bin/sh;
			shellScript = "diff \"${PODS_ROOT}/../Podfile.lock\" \"${PODS_ROOT}/Manifest.lock\" > /dev/null\nif [[ $? != 0 ]] ; then\n    cat << EOM\nerror: The sandbox is not in sync with the Podfile.lock. Run 'pod install' or update your CocoaPods installation.\nEOM\n    exit 1\nfi\n";
			showEnvVarsInLog = 0;
		};
		6F77D349EF82431C8FD6E022 /* Copy Pods Resources */ = {
			isa = PBXShellScriptBuildPhase;
			buildActionMask = 2147483647;
			files = (
			);
			inputPaths = (
			);
			name = "Copy Pods Resources";
			outputPaths = (
			);
			runOnlyForDeploymentPostprocessing = 0;
			shellPath = /bin/sh;
			shellScript = "\"${SRCROOT}/Pods/Pods-CueTimeTests-resources.sh\"\n";
			showEnvVarsInLog = 0;
		};
/* End PBXShellScriptBuildPhase section */

/* Begin PBXSourcesBuildPhase section */
		ECA57B411921966900BC8EC1 /* Sources */ = {
			isa = PBXSourcesBuildPhase;
			buildActionMask = 2147483647;
			files = (
				ECBD498C19B6A7C100465724 /* JHDiscoverTableView.m in Sources */,
				ECA57B8B19219E7E00BC8EC1 /* JHAuthenticationViewController.m in Sources */,
				ECA32769197DD22B0076F4EE /* JHGoingViewController.m in Sources */,
				ECA57BA4192964F500BC8EC1 /* JHUserNetworkHelper.m in Sources */,
				ECA32766197DD2220076F4EE /* JHDiscoverViewController.m in Sources */,
				EC5384ED197B879B006AA0EC /* JHGame.m in Sources */,
				ECA32773197E0D890076F4EE /* JHGoingTableViewCell.m in Sources */,
				ECA57B881921983100BC8EC1 /* JHProfileViewController.m in Sources */,
				ECA57B591921966900BC8EC1 /* JHAppDelegate.m in Sources */,
				EC5384E3196CF153006AA0EC /* JHGameNetworkHelper.m in Sources */,
				EC41D7B9199D96D10026BB01 /* JHAttendance.m in Sources */,
				EC5384EA197B7751006AA0EC /* JHNetworkHelper.m in Sources */,
				ECA57BA71929AAE900BC8EC1 /* JHConstants.m in Sources */,
				ECA57B551921966900BC8EC1 /* main.m in Sources */,
				ECA57B921929142F00BC8EC1 /* JHAuthenticationNetworkHelper.m in Sources */,
				ECBD498F19B6A7D300465724 /* JHGoingTableView.m in Sources */,
				EC7CAD35199884960013803A /* JHAttendanceNetworkHelper.m in Sources */,
				ECBB8C1B197C73C90026CFE6 /* JSONValueTransformer+CustomTransformer.m in Sources */,
				ECA32770197DED120076F4EE /* JHDiscoverTableViewCell.m in Sources */,
				ECA32776197E0D940076F4EE /* JHOrganizingTableViewCell.m in Sources */,
				ECA57BA0192963EF00BC8EC1 /* JHUser.m in Sources */,
				ECE6B23D1946CD3600289CE2 /* AFNetworking+Promises.m in Sources */,
				ECA57B621921966900BC8EC1 /* JHOrganizeViewController.m in Sources */,
			);
			runOnlyForDeploymentPostprocessing = 0;
		};
		ECA57B681921966900BC8EC1 /* Sources */ = {
			isa = PBXSourcesBuildPhase;
			buildActionMask = 2147483647;
			files = (
				ECA57B7A1921966900BC8EC1 /* CueTimeTests.m in Sources */,
			);
			runOnlyForDeploymentPostprocessing = 0;
		};
/* End PBXSourcesBuildPhase section */

/* Begin PBXTargetDependency section */
		ECA57B721921966900BC8EC1 /* PBXTargetDependency */ = {
			isa = PBXTargetDependency;
			target = ECA57B441921966900BC8EC1 /* CueTime */;
			targetProxy = ECA57B711921966900BC8EC1 /* PBXContainerItemProxy */;
		};
/* End PBXTargetDependency section */

/* Begin PBXVariantGroup section */
		ECA57B511921966900BC8EC1 /* InfoPlist.strings */ = {
			isa = PBXVariantGroup;
			children = (
				ECA57B521921966900BC8EC1 /* en */,
			);
			name = InfoPlist.strings;
			sourceTree = "<group>";
		};
		ECA57B5A1921966900BC8EC1 /* Main_iPhone.storyboard */ = {
			isa = PBXVariantGroup;
			children = (
				ECA57B5B1921966900BC8EC1 /* Base */,
			);
			name = Main_iPhone.storyboard;
			sourceTree = "<group>";
		};
		ECA57B5D1921966900BC8EC1 /* Main_iPad.storyboard */ = {
			isa = PBXVariantGroup;
			children = (
				ECA57B5E1921966900BC8EC1 /* Base */,
			);
			name = Main_iPad.storyboard;
			sourceTree = "<group>";
		};
		ECA57B761921966900BC8EC1 /* InfoPlist.strings */ = {
			isa = PBXVariantGroup;
			children = (
				ECA57B771921966900BC8EC1 /* en */,
			);
			name = InfoPlist.strings;
			sourceTree = "<group>";
		};
/* End PBXVariantGroup section */

/* Begin XCBuildConfiguration section */
		ECA57B7B1921966900BC8EC1 /* Debug */ = {
			isa = XCBuildConfiguration;
			buildSettings = {
				ALWAYS_SEARCH_USER_PATHS = NO;
				CLANG_CXX_LANGUAGE_STANDARD = "gnu++0x";
				CLANG_CXX_LIBRARY = "libc++";
				CLANG_ENABLE_MODULES = YES;
				CLANG_ENABLE_OBJC_ARC = YES;
				CLANG_WARN_BOOL_CONVERSION = YES;
				CLANG_WARN_CONSTANT_CONVERSION = YES;
				CLANG_WARN_DIRECT_OBJC_ISA_USAGE = YES_ERROR;
				CLANG_WARN_EMPTY_BODY = YES;
				CLANG_WARN_ENUM_CONVERSION = YES;
				CLANG_WARN_INT_CONVERSION = YES;
				CLANG_WARN_OBJC_ROOT_CLASS = YES_ERROR;
				CLANG_WARN__DUPLICATE_METHOD_MATCH = YES;
				"CODE_SIGN_IDENTITY[sdk=iphoneos*]" = "iPhone Developer";
				COPY_PHASE_STRIP = NO;
				GCC_C_LANGUAGE_STANDARD = gnu99;
				GCC_DYNAMIC_NO_PIC = NO;
				GCC_OPTIMIZATION_LEVEL = 0;
				GCC_PREPROCESSOR_DEFINITIONS = (
					"DEBUG=1",
					"$(inherited)",
				);
				GCC_SYMBOLS_PRIVATE_EXTERN = NO;
				GCC_WARN_64_TO_32_BIT_CONVERSION = YES;
				GCC_WARN_ABOUT_RETURN_TYPE = YES_ERROR;
				GCC_WARN_UNDECLARED_SELECTOR = YES;
				GCC_WARN_UNINITIALIZED_AUTOS = YES_AGGRESSIVE;
				GCC_WARN_UNUSED_FUNCTION = YES;
				GCC_WARN_UNUSED_VARIABLE = YES;
				IPHONEOS_DEPLOYMENT_TARGET = 7.1;
				ONLY_ACTIVE_ARCH = YES;
				SDKROOT = iphoneos;
				TARGETED_DEVICE_FAMILY = "1,2";
			};
			name = Debug;
		};
		ECA57B7C1921966900BC8EC1 /* Release */ = {
			isa = XCBuildConfiguration;
			buildSettings = {
				ALWAYS_SEARCH_USER_PATHS = NO;
				CLANG_CXX_LANGUAGE_STANDARD = "gnu++0x";
				CLANG_CXX_LIBRARY = "libc++";
				CLANG_ENABLE_MODULES = YES;
				CLANG_ENABLE_OBJC_ARC = YES;
				CLANG_WARN_BOOL_CONVERSION = YES;
				CLANG_WARN_CONSTANT_CONVERSION = YES;
				CLANG_WARN_DIRECT_OBJC_ISA_USAGE = YES_ERROR;
				CLANG_WARN_EMPTY_BODY = YES;
				CLANG_WARN_ENUM_CONVERSION = YES;
				CLANG_WARN_INT_CONVERSION = YES;
				CLANG_WARN_OBJC_ROOT_CLASS = YES_ERROR;
				CLANG_WARN__DUPLICATE_METHOD_MATCH = YES;
				"CODE_SIGN_IDENTITY[sdk=iphoneos*]" = "iPhone Developer";
				COPY_PHASE_STRIP = YES;
				ENABLE_NS_ASSERTIONS = NO;
				GCC_C_LANGUAGE_STANDARD = gnu99;
				GCC_WARN_64_TO_32_BIT_CONVERSION = YES;
				GCC_WARN_ABOUT_RETURN_TYPE = YES_ERROR;
				GCC_WARN_UNDECLARED_SELECTOR = YES;
				GCC_WARN_UNINITIALIZED_AUTOS = YES_AGGRESSIVE;
				GCC_WARN_UNUSED_FUNCTION = YES;
				GCC_WARN_UNUSED_VARIABLE = YES;
				IPHONEOS_DEPLOYMENT_TARGET = 7.1;
				SDKROOT = iphoneos;
				TARGETED_DEVICE_FAMILY = "1,2";
				VALIDATE_PRODUCT = YES;
			};
			name = Release;
		};
		ECA57B7E1921966900BC8EC1 /* Debug */ = {
			isa = XCBuildConfiguration;
			baseConfigurationReference = 7333562FE40B4EB89F40003C /* Pods-CueTime.xcconfig */;
			buildSettings = {
				ASSETCATALOG_COMPILER_APPICON_NAME = AppIcon;
				ASSETCATALOG_COMPILER_LAUNCHIMAGE_NAME = LaunchImage;
				CODE_SIGN_IDENTITY = "iPhone Developer";
				"CODE_SIGN_IDENTITY[sdk=iphoneos*]" = "iPhone Developer";
				FRAMEWORK_SEARCH_PATHS = (
					"$(inherited)",
					"$(PROJECT_DIR)",
					/Users/tianhe/Documents/FacebookSDK,
				);
				GCC_PRECOMPILE_PREFIX_HEADER = YES;
				GCC_PREFIX_HEADER = "CueTime/CueTime-Prefix.pch";
				INFOPLIST_FILE = "CueTime/CueTime-Info.plist";
				PRODUCT_NAME = "$(TARGET_NAME)";
				PROVISIONING_PROFILE = "";
				WRAPPER_EXTENSION = app;
			};
			name = Debug;
		};
		ECA57B7F1921966900BC8EC1 /* Release */ = {
			isa = XCBuildConfiguration;
			baseConfigurationReference = 7333562FE40B4EB89F40003C /* Pods-CueTime.xcconfig */;
			buildSettings = {
				ASSETCATALOG_COMPILER_APPICON_NAME = AppIcon;
				ASSETCATALOG_COMPILER_LAUNCHIMAGE_NAME = LaunchImage;
				CODE_SIGN_IDENTITY = "iPhone Developer";
				"CODE_SIGN_IDENTITY[sdk=iphoneos*]" = "iPhone Developer";
				FRAMEWORK_SEARCH_PATHS = (
					"$(inherited)",
					"$(PROJECT_DIR)",
					/Users/tianhe/Documents/FacebookSDK,
				);
				GCC_PRECOMPILE_PREFIX_HEADER = YES;
				GCC_PREFIX_HEADER = "CueTime/CueTime-Prefix.pch";
				INFOPLIST_FILE = "CueTime/CueTime-Info.plist";
				PRODUCT_NAME = "$(TARGET_NAME)";
				PROVISIONING_PROFILE = "";
				WRAPPER_EXTENSION = app;
			};
			name = Release;
		};
		ECA57B811921966900BC8EC1 /* Debug */ = {
			isa = XCBuildConfiguration;
			baseConfigurationReference = 0170658794584155802E29E2 /* Pods-CueTimeTests.xcconfig */;
			buildSettings = {
				BUNDLE_LOADER = "$(BUILT_PRODUCTS_DIR)/CueTime.app/CueTime";
				FRAMEWORK_SEARCH_PATHS = (
					"$(SDKROOT)/Developer/Library/Frameworks",
					"$(inherited)",
					"$(DEVELOPER_FRAMEWORKS_DIR)",
				);
				GCC_PRECOMPILE_PREFIX_HEADER = YES;
				GCC_PREFIX_HEADER = "CueTime/CueTime-Prefix.pch";
				GCC_PREPROCESSOR_DEFINITIONS = (
					"DEBUG=1",
					"$(inherited)",
				);
				INFOPLIST_FILE = "CueTimeTests/CueTimeTests-Info.plist";
				PRODUCT_NAME = "$(TARGET_NAME)";
				TEST_HOST = "$(BUNDLE_LOADER)";
				WRAPPER_EXTENSION = xctest;
			};
			name = Debug;
		};
		ECA57B821921966900BC8EC1 /* Release */ = {
			isa = XCBuildConfiguration;
			baseConfigurationReference = 0170658794584155802E29E2 /* Pods-CueTimeTests.xcconfig */;
			buildSettings = {
				BUNDLE_LOADER = "$(BUILT_PRODUCTS_DIR)/CueTime.app/CueTime";
				FRAMEWORK_SEARCH_PATHS = (
					"$(SDKROOT)/Developer/Library/Frameworks",
					"$(inherited)",
					"$(DEVELOPER_FRAMEWORKS_DIR)",
				);
				GCC_PRECOMPILE_PREFIX_HEADER = YES;
				GCC_PREFIX_HEADER = "CueTime/CueTime-Prefix.pch";
				INFOPLIST_FILE = "CueTimeTests/CueTimeTests-Info.plist";
				PRODUCT_NAME = "$(TARGET_NAME)";
				TEST_HOST = "$(BUNDLE_LOADER)";
				WRAPPER_EXTENSION = xctest;
			};
			name = Release;
		};
/* End XCBuildConfiguration section */

/* Begin XCConfigurationList section */
		ECA57B401921966900BC8EC1 /* Build configuration list for PBXProject "CueTime" */ = {
			isa = XCConfigurationList;
			buildConfigurations = (
				ECA57B7B1921966900BC8EC1 /* Debug */,
				ECA57B7C1921966900BC8EC1 /* Release */,
			);
			defaultConfigurationIsVisible = 0;
			defaultConfigurationName = Release;
		};
		ECA57B7D1921966900BC8EC1 /* Build configuration list for PBXNativeTarget "CueTime" */ = {
			isa = XCConfigurationList;
			buildConfigurations = (
				ECA57B7E1921966900BC8EC1 /* Debug */,
				ECA57B7F1921966900BC8EC1 /* Release */,
			);
			defaultConfigurationIsVisible = 0;
			defaultConfigurationName = Release;
		};
		ECA57B801921966900BC8EC1 /* Build configuration list for PBXNativeTarget "CueTimeTests" */ = {
			isa = XCConfigurationList;
			buildConfigurations = (
				ECA57B811921966900BC8EC1 /* Debug */,
				ECA57B821921966900BC8EC1 /* Release */,
			);
			defaultConfigurationIsVisible = 0;
			defaultConfigurationName = Release;
		};
/* End XCConfigurationList section */
	};
	rootObject = ECA57B3D1921966800BC8EC1 /* Project object */;
}
